// !$*UTF8*$!
{
	archiveVersion = 1;
	classes = {
	};
	objectVersion = 77;
	objects = {

/* Begin PBXContainerItemProxy section */
		BA0277142DB4DEA900C0FE8C /* PBXContainerItemProxy */ = {
			isa = PBXContainerItemProxy;
			containerPortal = BA0276F22DB4DEA700C0FE8C /* Project object */;
			proxyType = 1;
			remoteGlobalIDString = BA0276F92DB4DEA700C0FE8C;
			remoteInfo = Kishan;
		};
		BA02771E2DB4DEA900C0FE8C /* PBXContainerItemProxy */ = {
			isa = PBXContainerItemProxy;
			containerPortal = BA0276F22DB4DEA700C0FE8C /* Project object */;
			proxyType = 1;
			remoteGlobalIDString = BA0276F92DB4DEA700C0FE8C;
			remoteInfo = Kishan;
		};
/* End PBXContainerItemProxy section */

/* Begin PBXFileReference section */
		BA0276FA2DB4DEA700C0FE8C /* Kishan.app */ = {isa = PBXFileReference; explicitFileType = wrapper.application; includeInIndex = 0; path = Kishan.app; sourceTree = BUILT_PRODUCTS_DIR; };
		BA0277132DB4DEA900C0FE8C /* KishanTests.xctest */ = {isa = PBXFileReference; explicitFileType = wrapper.cfbundle; includeInIndex = 0; path = KishanTests.xctest; sourceTree = BUILT_PRODUCTS_DIR; };
		BA02771D2DB4DEA900C0FE8C /* KishanUITests.xctest */ = {isa = PBXFileReference; explicitFileType = wrapper.cfbundle; includeInIndex = 0; path = KishanUITests.xctest; sourceTree = BUILT_PRODUCTS_DIR; };
/* End PBXFileReference section */

/* Begin PBXFileSystemSynchronizedBuildFileExceptionSet section */
		BA0277252DB4DEA900C0FE8C /* Exceptions for "Kishan" folder in "Kishan" target */ = {
			isa = PBXFileSystemSynchronizedBuildFileExceptionSet;
			membershipExceptions = (
				Info.plist,
			);
			target = BA0276F92DB4DEA700C0FE8C /* Kishan */;
		};
/* End PBXFileSystemSynchronizedBuildFileExceptionSet section */

/* Begin PBXFileSystemSynchronizedRootGroup section */
		BA0276FC2DB4DEA700C0FE8C /* Kishan */ = {
			isa = PBXFileSystemSynchronizedRootGroup;
			exceptions = (
				BA0277252DB4DEA900C0FE8C /* Exceptions for "Kishan" folder in "Kishan" target */,
			);
			path = Kishan;
			sourceTree = "<group>";
		};
		BA0277162DB4DEA900C0FE8C /* KishanTests */ = {
			isa = PBXFileSystemSynchronizedRootGroup;
			path = KishanTests;
			sourceTree = "<group>";
		};
		BA0277202DB4DEA900C0FE8C /* KishanUITests */ = {
			isa = PBXFileSystemSynchronizedRootGroup;
			path = KishanUITests;
			sourceTree = "<group>";
		};
/* End PBXFileSystemSynchronizedRootGroup section */

/* Begin PBXFrameworksBuildPhase section */
		BA0276F72DB4DEA700C0FE8C /* Frameworks */ = {
			isa = PBXFrameworksBuildPhase;
			buildActionMask = 2147483647;
			files = (
			);
			runOnlyForDeploymentPostprocessing = 0;
		};
		BA0277102DB4DEA900C0FE8C /* Frameworks */ = {
			isa = PBXFrameworksBuildPhase;
			buildActionMask = 2147483647;
			files = (
			);
			runOnlyForDeploymentPostprocessing = 0;
		};
		BA02771A2DB4DEA900C0FE8C /* Frameworks */ = {
			isa = PBXFrameworksBuildPhase;
			buildActionMask = 2147483647;
			files = (
			);
			runOnlyForDeploymentPostprocessing = 0;
		};
/* End PBXFrameworksBuildPhase section */

/* Begin PBXGroup section */
		BA0276F12DB4DEA700C0FE8C = {
			isa = PBXGroup;
			children = (
				BA0276FC2DB4DEA700C0FE8C /* Kishan */,
				BA0277162DB4DEA900C0FE8C /* KishanTests */,
				BA0277202DB4DEA900C0FE8C /* KishanUITests */,
				BA0276FB2DB4DEA700C0FE8C /* Products */,
			);
			sourceTree = "<group>";
		};
		BA0276FB2DB4DEA700C0FE8C /* Products */ = {
			isa = PBXGroup;
			children = (
				BA0276FA2DB4DEA700C0FE8C /* Kishan.app */,
				BA0277132DB4DEA900C0FE8C /* KishanTests.xctest */,
				BA02771D2DB4DEA900C0FE8C /* KishanUITests.xctest */,
			);
			name = Products;
			sourceTree = "<group>";
		};
/* End PBXGroup section */

/* Begin PBXNativeTarget section */
		BA0276F92DB4DEA700C0FE8C /* Kishan */ = {
			isa = PBXNativeTarget;
			buildConfigurationList = BA0277262DB4DEA900C0FE8C /* Build configuration list for PBXNativeTarget "Kishan" */;
			buildPhases = (
				BA0276F62DB4DEA700C0FE8C /* Sources */,
				BA0276F72DB4DEA700C0FE8C /* Frameworks */,
				BA0276F82DB4DEA700C0FE8C /* Resources */,
			);
			buildRules = (
			);
			dependencies = (
			);
			fileSystemSynchronizedGroups = (
				BA0276FC2DB4DEA700C0FE8C /* Kishan */,
			);
			name = Kishan;
			packageProductDependencies = (
			);
			productName = Kishan;
			productReference = BA0276FA2DB4DEA700C0FE8C /* Kishan.app */;
			productType = "com.apple.product-type.application";
		};
		BA0277122DB4DEA900C0FE8C /* KishanTests */ = {
			isa = PBXNativeTarget;
			buildConfigurationList = BA02772B2DB4DEA900C0FE8C /* Build configuration list for PBXNativeTarget "KishanTests" */;
			buildPhases = (
				BA02770F2DB4DEA900C0FE8C /* Sources */,
				BA0277102DB4DEA900C0FE8C /* Frameworks */,
				BA0277112DB4DEA900C0FE8C /* Resources */,
			);
			buildRules = (
			);
			dependencies = (
				BA0277152DB4DEA900C0FE8C /* PBXTargetDependency */,
			);
			fileSystemSynchronizedGroups = (
				BA0277162DB4DEA900C0FE8C /* KishanTests */,
			);
			name = KishanTests;
			packageProductDependencies = (
			);
			productName = KishanTests;
			productReference = BA0277132DB4DEA900C0FE8C /* KishanTests.xctest */;
			productType = "com.apple.product-type.bundle.unit-test";
		};
		BA02771C2DB4DEA900C0FE8C /* KishanUITests */ = {
			isa = PBXNativeTarget;
			buildConfigurationList = BA02772E2DB4DEA900C0FE8C /* Build configuration list for PBXNativeTarget "KishanUITests" */;
			buildPhases = (
				BA0277192DB4DEA900C0FE8C /* Sources */,
				BA02771A2DB4DEA900C0FE8C /* Frameworks */,
				BA02771B2DB4DEA900C0FE8C /* Resources */,
			);
			buildRules = (
			);
			dependencies = (
				BA02771F2DB4DEA900C0FE8C /* PBXTargetDependency */,
			);
			fileSystemSynchronizedGroups = (
				BA0277202DB4DEA900C0FE8C /* KishanUITests */,
			);
			name = KishanUITests;
			packageProductDependencies = (
			);
			productName = KishanUITests;
			productReference = BA02771D2DB4DEA900C0FE8C /* KishanUITests.xctest */;
			productType = "com.apple.product-type.bundle.ui-testing";
		};
/* End PBXNativeTarget section */

/* Begin PBXProject section */
		BA0276F22DB4DEA700C0FE8C /* Project object */ = {
			isa = PBXProject;
			attributes = {
				BuildIndependentTargetsInParallel = 1;
				LastSwiftUpdateCheck = 1630;
				LastUpgradeCheck = 1630;
				TargetAttributes = {
					BA0276F92DB4DEA700C0FE8C = {
						CreatedOnToolsVersion = 16.3;
					};
					BA0277122DB4DEA900C0FE8C = {
						CreatedOnToolsVersion = 16.3;
						TestTargetID = BA0276F92DB4DEA700C0FE8C;
					};
					BA02771C2DB4DEA900C0FE8C = {
						CreatedOnToolsVersion = 16.3;
						TestTargetID = BA0276F92DB4DEA700C0FE8C;
					};
				};
			};
			buildConfigurationList = BA0276F52DB4DEA700C0FE8C /* Build configuration list for PBXProject "Kishan" */;
			developmentRegion = en;
			hasScannedForEncodings = 0;
			knownRegions = (
				en,
				Base,
			);
			mainGroup = BA0276F12DB4DEA700C0FE8C;
			minimizedProjectReferenceProxies = 1;
			preferredProjectObjectVersion = 77;
			productRefGroup = BA0276FB2DB4DEA700C0FE8C /* Products */;
			projectDirPath = "";
			projectRoot = "";
			targets = (
				BA0276F92DB4DEA700C0FE8C /* Kishan */,
				BA0277122DB4DEA900C0FE8C /* KishanTests */,
				BA02771C2DB4DEA900C0FE8C /* KishanUITests */,
			);
		};
/* End PBXProject section */

/* Begin PBXResourcesBuildPhase section */
		BA0276F82DB4DEA700C0FE8C /* Resources */ = {
			isa = PBXResourcesBuildPhase;
			buildActionMask = 2147483647;
			files = (
			);
			runOnlyForDeploymentPostprocessing = 0;
		};
		BA0277112DB4DEA900C0FE8C /* Resources */ = {
			isa = PBXResourcesBuildPhase;
			buildActionMask = 2147483647;
			files = (
			);
			runOnlyForDeploymentPostprocessing = 0;
		};
		BA02771B2DB4DEA900C0FE8C /* Resources */ = {
			isa = PBXResourcesBuildPhase;
			buildActionMask = 2147483647;
			files = (
			);
			runOnlyForDeploymentPostprocessing = 0;
		};
/* End PBXResourcesBuildPhase section */

/* Begin PBXSourcesBuildPhase section */
		BA0276F62DB4DEA700C0FE8C /* Sources */ = {
			isa = PBXSourcesBuildPhase;
			buildActionMask = 2147483647;
			files = (
			);
			runOnlyForDeploymentPostprocessing = 0;
		};
		BA02770F2DB4DEA900C0FE8C /* Sources */ = {
			isa = PBXSourcesBuildPhase;
			buildActionMask = 2147483647;
			files = (
			);
			runOnlyForDeploymentPostprocessing = 0;
		};
		BA0277192DB4DEA900C0FE8C /* Sources */ = {
			isa = PBXSourcesBuildPhase;
			buildActionMask = 2147483647;
			files = (
			);
			runOnlyForDeploymentPostprocessing = 0;
		};
/* End PBXSourcesBuildPhase section */

/* Begin PBXTargetDependency section */
		BA0277152DB4DEA900C0FE8C /* PBXTargetDependency */ = {
			isa = PBXTargetDependency;
			target = BA0276F92DB4DEA700C0FE8C /* Kishan */;
			targetProxy = BA0277142DB4DEA900C0FE8C /* PBXContainerItemProxy */;
		};
		BA02771F2DB4DEA900C0FE8C /* PBXTargetDependency */ = {
			isa = PBXTargetDependency;
			target = BA0276F92DB4DEA700C0FE8C /* Kishan */;
			targetProxy = BA02771E2DB4DEA900C0FE8C /* PBXContainerItemProxy */;
		};
/* End PBXTargetDependency section */

/* Begin XCBuildConfiguration section */
		BA0277272DB4DEA900C0FE8C /* Debug */ = {
			isa = XCBuildConfiguration;
			buildSettings = {
				ASSETCATALOG_COMPILER_APPICON_NAME = AppIcon;
				ASSETCATALOG_COMPILER_GLOBAL_ACCENT_COLOR_NAME = AccentColor;
				CODE_SIGN_STYLE = Automatic;
				CURRENT_PROJECT_VERSION = 1;
				DEVELOPMENT_TEAM = NS9BQQQNV5;
				GENERATE_INFOPLIST_FILE = YES;
				INFOPLIST_FILE = Kishan/Info.plist;
				INFOPLIST_KEY_UIApplicationSupportsIndirectInputEvents = YES;
				INFOPLIST_KEY_UILaunchStoryboardName = LaunchScreen;
				INFOPLIST_KEY_UIMainStoryboardFile = Main;
				INFOPLIST_KEY_UISupportedInterfaceOrientations_iPad = "UIInterfaceOrientationPortrait UIInterfaceOrientationPortraitUpsideDown UIInterfaceOrientationLandscapeLeft UIInterfaceOrientationLandscapeRight";
				INFOPLIST_KEY_UISupportedInterfaceOrientations_iPhone = "UIInterfaceOrientationPortrait UIInterfaceOrientationLandscapeLeft UIInterfaceOrientationLandscapeRight";
				LD_RUNPATH_SEARCH_PATHS = (
					"$(inherited)",
					"@executable_path/Frameworks",
				);
				MARKETING_VERSION = 1.0;
				PRODUCT_BUNDLE_IDENTIFIER = com.technoagrobd.Kishan;
				PRODUCT_NAME = "$(TARGET_NAME)";
				SWIFT_EMIT_LOC_STRINGS = YES;
				SWIFT_VERSION = 5.0;
				TARGETED_DEVICE_FAMILY = "1,2";
			};
			name = Debug;
		};
		BA0277282DB4DEA900C0FE8C /* Release */ = {
			isa = XCBuildConfiguration;
			buildSettings = {
				ASSETCATALOG_COMPILER_APPICON_NAME = AppIcon;
				ASSETCATALOG_COMPILER_GLOBAL_ACCENT_COLOR_NAME = AccentColor;
				CODE_SIGN_STYLE = Automatic;
				CURRENT_PROJECT_VERSION = 1;
				DEVELOPMENT_TEAM = NS9BQQQNV5;
				GENERATE_INFOPLIST_FILE = YES;
				INFOPLIST_FILE = Kishan/Info.plist;
				INFOPLIST_KEY_UIApplicationSupportsIndirectInputEvents = YES;
				INFOPLIST_KEY_UILaunchStoryboardName = LaunchScreen;
				INFOPLIST_KEY_UIMainStoryboardFile = Main;
				INFOPLIST_KEY_UISupportedInterfaceOrientations_iPad = "UIInterfaceOrientationPortrait UIInterfaceOrientationPortraitUpsideDown UIInterfaceOrientationLandscapeLeft UIInterfaceOrientationLandscapeRight";
				INFOPLIST_KEY_UISupportedInterfaceOrientations_iPhone = "UIInterfaceOrientationPortrait UIInterfaceOrientationLandscapeLeft UIInterfaceOrientationLandscapeRight";
				LD_RUNPATH_SEARCH_PATHS = (
					"$(inherited)",
					"@executable_path/Frameworks",
				);
				MARKETING_VERSION = 1.0;
				PRODUCT_BUNDLE_IDENTIFIER = com.technoagrobd.Kishan;
				PRODUCT_NAME = "$(TARGET_NAME)";
				SWIFT_EMIT_LOC_STRINGS = YES;
				SWIFT_VERSION = 5.0;
				TARGETED_DEVICE_FAMILY = "1,2";
			};
			name = Release;
		};
		BA0277292DB4DEA900C0FE8C /* Debug */ = {
			isa = XCBuildConfiguration;
			buildSettings = {
				ALWAYS_SEARCH_USER_PATHS = NO;
				ASSETCATALOG_COMPILER_GENERATE_SWIFT_ASSET_SYMBOL_EXTENSIONS = YES;
				CLANG_ANALYZER_NONNULL = YES;
				CLANG_ANALYZER_NUMBER_OBJECT_CONVERSION = YES_AGGRESSIVE;
				CLANG_CXX_LANGUAGE_STANDARD = "gnu++20";
				CLANG_ENABLE_MODULES = YES;
				CLANG_ENABLE_OBJC_ARC = YES;
				CLANG_ENABLE_OBJC_WEAK = YES;
				CLANG_WARN_BLOCK_CAPTURE_AUTORELEASING = YES;
				CLANG_WARN_BOOL_CONVERSION = YES;
				CLANG_WARN_COMMA = YES;
				CLANG_WARN_CONSTANT_CONVERSION = YES;
				CLANG_WARN_DEPRECATED_OBJC_IMPLEMENTATIONS = YES;
				CLANG_WARN_DIRECT_OBJC_ISA_USAGE = YES_ERROR;
				CLANG_WARN_DOCUMENTATION_COMMENTS = YES;
				CLANG_WARN_EMPTY_BODY = YES;
				CLANG_WARN_ENUM_CONVERSION = YES;
				CLANG_WARN_INFINITE_RECURSION = YES;
				CLANG_WARN_INT_CONVERSION = YES;
				CLANG_WARN_NON_LITERAL_NULL_CONVERSION = YES;
				CLANG_WARN_OBJC_IMPLICIT_RETAIN_SELF = YES;
				CLANG_WARN_OBJC_LITERAL_CONVERSION = YES;
				CLANG_WARN_OBJC_ROOT_CLASS = YES_ERROR;
				CLANG_WARN_QUOTED_INCLUDE_IN_FRAMEWORK_HEADER = YES;
				CLANG_WARN_RANGE_LOOP_ANALYSIS = YES;
				CLANG_WARN_STRICT_PROTOTYPES = YES;
				CLANG_WARN_SUSPICIOUS_MOVE = YES;
				CLANG_WARN_UNGUARDED_AVAILABILITY = YES_AGGRESSIVE;
				CLANG_WARN_UNREACHABLE_CODE = YES;
				CLANG_WARN__DUPLICATE_METHOD_MATCH = YES;
				COPY_PHASE_STRIP = NO;
				DEBUG_INFORMATION_FORMAT = dwarf;
				DEVELOPMENT_TEAM = NS9BQQQNV5;
				ENABLE_STRICT_OBJC_MSGSEND = YES;
				ENABLE_TESTABILITY = YES;
				ENABLE_USER_SCRIPT_SANDBOXING = YES;
				GCC_C_LANGUAGE_STANDARD = gnu17;
				GCC_DYNAMIC_NO_PIC = NO;
				GCC_NO_COMMON_BLOCKS = YES;
				GCC_OPTIMIZATION_LEVEL = 0;
				GCC_PREPROCESSOR_DEFINITIONS = (
					"DEBUG=1",
					"$(inherited)",
				);
				GCC_WARN_64_TO_32_BIT_CONVERSION = YES;
				GCC_WARN_ABOUT_RETURN_TYPE = YES_ERROR;
				GCC_WARN_UNDECLARED_SELECTOR = YES;
				GCC_WARN_UNINITIALIZED_AUTOS = YES_AGGRESSIVE;
				GCC_WARN_UNUSED_FUNCTION = YES;
				GCC_WARN_UNUSED_VARIABLE = YES;
				IPHONEOS_DEPLOYMENT_TARGET = 18.4;
				LOCALIZATION_PREFERS_STRING_CATALOGS = YES;
				MTL_ENABLE_DEBUG_INFO = INCLUDE_SOURCE;
				MTL_FAST_MATH = YES;
				ONLY_ACTIVE_ARCH = YES;
				SDKROOT = iphoneos;
				SWIFT_ACTIVE_COMPILATION_CONDITIONS = "DEBUG $(inherited)";
				SWIFT_OPTIMIZATION_LEVEL = "-Onone";
			};
			name = Debug;
		};
		BA02772A2DB4DEA900C0FE8C /* Release */ = {
			isa = XCBuildConfiguration;
			buildSettings = {
				ALWAYS_SEARCH_USER_PATHS = NO;
				ASSETCATALOG_COMPILER_GENERATE_SWIFT_ASSET_SYMBOL_EXTENSIONS = YES;
				CLANG_ANALYZER_NONNULL = YES;
				CLANG_ANALYZER_NUMBER_OBJECT_CONVERSION = YES_AGGRESSIVE;
				CLANG_CXX_LANGUAGE_STANDARD = "gnu++20";
				CLANG_ENABLE_MODULES = YES;
				CLANG_ENABLE_OBJC_ARC = YES;
				CLANG_ENABLE_OBJC_WEAK = YES;
				CLANG_WARN_BLOCK_CAPTURE_AUTORELEASING = YES;
				CLANG_WARN_BOOL_CONVERSION = YES;
				CLANG_WARN_COMMA = YES;
				CLANG_WARN_CONSTANT_CONVERSION = YES;
				CLANG_WARN_DEPRECATED_OBJC_IMPLEMENTATIONS = YES;
				CLANG_WARN_DIRECT_OBJC_ISA_USAGE = YES_ERROR;
				CLANG_WARN_DOCUMENTATION_COMMENTS = YES;
				CLANG_WARN_EMPTY_BODY = YES;
				CLANG_WARN_ENUM_CONVERSION = YES;
				CLANG_WARN_INFINITE_RECURSION = YES;
				CLANG_WARN_INT_CONVERSION = YES;
				CLANG_WARN_NON_LITERAL_NULL_CONVERSION = YES;
				CLANG_WARN_OBJC_IMPLICIT_RETAIN_SELF = YES;
				CLANG_WARN_OBJC_LITERAL_CONVERSION = YES;
				CLANG_WARN_OBJC_ROOT_CLASS = YES_ERROR;
				CLANG_WARN_QUOTED_INCLUDE_IN_FRAMEWORK_HEADER = YES;
				CLANG_WARN_RANGE_LOOP_ANALYSIS = YES;
				CLANG_WARN_STRICT_PROTOTYPES = YES;
				CLANG_WARN_SUSPICIOUS_MOVE = YES;
				CLANG_WARN_UNGUARDED_AVAILABILITY = YES_AGGRESSIVE;
				CLANG_WARN_UNREACHABLE_CODE = YES;
				CLANG_WARN__DUPLICATE_METHOD_MATCH = YES;
				COPY_PHASE_STRIP = NO;
				DEBUG_INFORMATION_FORMAT = "dwarf-with-dsym";
				DEVELOPMENT_TEAM = NS9BQQQNV5;
				ENABLE_NS_ASSERTIONS = NO;
				ENABLE_STRICT_OBJC_MSGSEND = YES;
				ENABLE_USER_SCRIPT_SANDBOXING = YES;
				GCC_C_LANGUAGE_STANDARD = gnu17;
				GCC_NO_COMMON_BLOCKS = YES;
				GCC_WARN_64_TO_32_BIT_CONVERSION = YES;
				GCC_WARN_ABOUT_RETURN_TYPE = YES_ERROR;
				GCC_WARN_UNDECLARED_SELECTOR = YES;
				GCC_WARN_UNINITIALIZED_AUTOS = YES_AGGRESSIVE;
				GCC_WARN_UNUSED_FUNCTION = YES;
				GCC_WARN_UNUSED_VARIABLE = YES;
				IPHONEOS_DEPLOYMENT_TARGET = 18.4;
				LOCALIZATION_PREFERS_STRING_CATALOGS = YES;
				MTL_ENABLE_DEBUG_INFO = NO;
				MTL_FAST_MATH = YES;
				SDKROOT = iphoneos;
				SWIFT_COMPILATION_MODE = wholemodule;
				VALIDATE_PRODUCT = YES;
			};
			name = Release;
		};
		BA02772C2DB4DEA900C0FE8C /* Debug */ = {
			isa = XCBuildConfiguration;
			buildSettings = {
				BUNDLE_LOADER = "$(TEST_HOST)";
				CODE_SIGN_STYLE = Automatic;
				CURRENT_PROJECT_VERSION = 1;
				DEVELOPMENT_TEAM = NS9BQQQNV5;
				GENERATE_INFOPLIST_FILE = YES;
				IPHONEOS_DEPLOYMENT_TARGET = 18.4;
				MARKETING_VERSION = 1.0;
				PRODUCT_BUNDLE_IDENTIFIER = com.technoagrobd.KishanTests;
				PRODUCT_NAME = "$(TARGET_NAME)";
				SWIFT_EMIT_LOC_STRINGS = NO;
				SWIFT_VERSION = 5.0;
				TARGETED_DEVICE_FAMILY = "1,2";
				TEST_HOST = "$(BUILT_PRODUCTS_DIR)/Kishan.app/$(BUNDLE_EXECUTABLE_FOLDER_PATH)/Kishan";
			};
			name = Debug;
		};
		BA02772D2DB4DEA900C0FE8C /* Release */ = {
			isa = XCBuildConfiguration;
			buildSettings = {
				BUNDLE_LOADER = "$(TEST_HOST)";
				CODE_SIGN_STYLE = Automatic;
				CURRENT_PROJECT_VERSION = 1;
				DEVELOPMENT_TEAM = NS9BQQQNV5;
				GENERATE_INFOPLIST_FILE = YES;
				IPHONEOS_DEPLOYMENT_TARGET = 18.4;
				MARKETING_VERSION = 1.0;
				PRODUCT_BUNDLE_IDENTIFIER = com.technoagrobd.KishanTests;
				PRODUCT_NAME = "$(TARGET_NAME)";
				SWIFT_EMIT_LOC_STRINGS = NO;
				SWIFT_VERSION = 5.0;
				TARGETED_DEVICE_FAMILY = "1,2";
				TEST_HOST = "$(BUILT_PRODUCTS_DIR)/Kishan.app/$(BUNDLE_EXECUTABLE_FOLDER_PATH)/Kishan";
			};
			name = Release;
		};
		BA02772F2DB4DEA900C0FE8C /* Debug */ = {
			isa = XCBuildConfiguration;
			buildSettings = {
				CODE_SIGN_STYLE = Automatic;
				CURRENT_PROJECT_VERSION = 1;
				DEVELOPMENT_TEAM = NS9BQQQNV5;
				GENERATE_INFOPLIST_FILE = YES;
				MARKETING_VERSION = 1.0;
				PRODUCT_BUNDLE_IDENTIFIER = com.technoagrobd.KishanUITests;
				PRODUCT_NAME = "$(TARGET_NAME)";
				SWIFT_EMIT_LOC_STRINGS = NO;
				SWIFT_VERSION = 5.0;
				TARGETED_DEVICE_FAMILY = "1,2";
				TEST_TARGET_NAME = Kishan;
			};
			name = Debug;
		};
		BA0277302DB4DEA900C0FE8C /* Release */ = {
			isa = XCBuildConfiguration;
			buildSettings = {
				CODE_SIGN_STYLE = Automatic;
				CURRENT_PROJECT_VERSION = 1;
				DEVELOPMENT_TEAM = NS9BQQQNV5;
				GENERATE_INFOPLIST_FILE = YES;
				MARKETING_VERSION = 1.0;
				PRODUCT_BUNDLE_IDENTIFIER = com.technoagrobd.KishanUITests;
				PRODUCT_NAME = "$(TARGET_NAME)";
				SWIFT_EMIT_LOC_STRINGS = NO;
				SWIFT_VERSION = 5.0;
				TARGETED_DEVICE_FAMILY = "1,2";
				TEST_TARGET_NAME = Kishan;
			};
			name = Release;
		};
/* End XCBuildConfiguration section */

/* Begin XCConfigurationList section */
		BA0276F52DB4DEA700C0FE8C /* Build configuration list for PBXProject "Kishan" */ = {
			isa = XCConfigurationList;
			buildConfigurations = (
				BA0277292DB4DEA900C0FE8C /* Debug */,
				BA02772A2DB4DEA900C0FE8C /* Release */,
			);
			defaultConfigurationIsVisible = 0;
			defaultConfigurationName = Release;
		};
		BA0277262DB4DEA900C0FE8C /* Build configuration list for PBXNativeTarget "Kishan" */ = {
			isa = XCConfigurationList;
			buildConfigurations = (
				BA0277272DB4DEA900C0FE8C /* Debug */,
				BA0277282DB4DEA900C0FE8C /* Release */,
			);
			defaultConfigurationIsVisible = 0;
			defaultConfigurationName = Release;
		};
		BA02772B2DB4DEA900C0FE8C /* Build configuration list for PBXNativeTarget "KishanTests" */ = {
			isa = XCConfigurationList;
			buildConfigurations = (
				BA02772C2DB4DEA900C0FE8C /* Debug */,
				BA02772D2DB4DEA900C0FE8C /* Release */,
			);
			defaultConfigurationIsVisible = 0;
			defaultConfigurationName = Release;
		};
		BA02772E2DB4DEA900C0FE8C /* Build configuration list for PBXNativeTarget "KishanUITests" */ = {
			isa = XCConfigurationList;
			buildConfigurations = (
				BA02772F2DB4DEA900C0FE8C /* Debug */,
				BA0277302DB4DEA900C0FE8C /* Release */,
			);
			defaultConfigurationIsVisible = 0;
			defaultConfigurationName = Release;
		};
/* End XCConfigurationList section */
	};
	rootObject = BA0276F22DB4DEA700C0FE8C /* Project object */;
}
